
Microsoft Visual Studio Solution File, Format Version 12.00
# Visual Studio Version 17
VisualStudioVersion = 17.9.34622.214
MinimumVisualStudioVersion = 10.0.40219.1
Project("{9A19103F-16F7-4668-BE54-9A1E7A4F7556}") = "ToDoList", "ToDoList\ToDoList.csproj", "{8F81293B-E554-432C-B4D1-CFCB6DA526F8}"
EndProject
Project("{9A19103F-16F7-4668-BE54-9A1E7A4F7556}") = "Calculator", "Calculator\Calculator.csproj", "{6B2295B0-41CF-40B0-9B89-296A8DCD2287}"
EndProject
Project("{FAE04EC0-301F-11D3-BF4B-00C04F79EFBC}") = "Single.Responsibility", "Single.Responsibility\Single.Responsibility.csproj", "{9A6C525D-0558-44B3-92E2-7C07FF0C5FC3}"
EndProject
Project("{FAE04EC0-301F-11D3-BF4B-00C04F79EFBC}") = "Dice.Roll", "Dice.Roll\Dice.Roll.csproj", "{309BB5E8-81E6-4D92-9031-4669E862DA63}"
EndProject
Global
	GlobalSection(SolutionConfigurationPlatforms) = preSolution
		Debug|Any CPU = Debug|Any CPU
		Release|Any CPU = Release|Any CPU
	EndGlobalSection
	GlobalSection(ProjectConfigurationPlatforms) = postSolution
		{8F81293B-E554-432C-B4D1-CFCB6DA526F8}.Debug|Any CPU.ActiveCfg = Debug|Any CPU
		{8F81293B-E554-432C-B4D1-CFCB6DA526F8}.Debug|Any CPU.Build.0 = Debug|Any CPU
		{8F81293B-E554-432C-B4D1-CFCB6DA526F8}.Release|Any CPU.ActiveCfg = Release|Any CPU
		{8F81293B-E554-432C-B4D1-CFCB6DA526F8}.Release|Any CPU.Build.0 = Release|Any CPU
		{6B2295B0-41CF-40B0-9B89-296A8DCD2287}.Debug|Any CPU.ActiveCfg = Debug|Any CPU
		{6B2295B0-41CF-40B0-9B89-296A8DCD2287}.Debug|Any CPU.Build.0 = Debug|Any CPU
		{6B2295B0-41CF-40B0-9B89-296A8DCD2287}.Release|Any CPU.ActiveCfg = Release|Any CPU
		{6B2295B0-41CF-40B0-9B89-296A8DCD2287}.Release|Any CPU.Build.0 = Release|Any CPU
		{9A6C525D-0558-44B3-92E2-7C07FF0C5FC3}.Debug|Any CPU.ActiveCfg = Debug|Any CPU
		{9A6C525D-0558-44B3-92E2-7C07FF0C5FC3}.Debug|Any CPU.Build.0 = Debug|Any CPU
		{9A6C525D-0558-44B3-92E2-7C07FF0C5FC3}.Release|Any CPU.ActiveCfg = Release|Any CPU
		{9A6C525D-0558-44B3-92E2-7C07FF0C5FC3}.Release|Any CPU.Build.0 = Release|Any CPU
		{309BB5E8-81E6-4D92-9031-4669E862DA63}.Debug|Any CPU.ActiveCfg = Debug|Any CPU
		{309BB5E8-81E6-4D92-9031-4669E862DA63}.Debug|Any CPU.Build.0 = Debug|Any CPU
		{309BB5E8-81E6-4D92-9031-4669E862DA63}.Release|Any CPU.ActiveCfg = Release|Any CPU
		{309BB5E8-81E6-4D92-9031-4669E862DA63}.Release|Any CPU.Build.0 = Release|Any CPU
	EndGlobalSection
	GlobalSection(SolutionProperties) = preSolution
		HideSolutionNode = FALSE
	EndGlobalSection
	GlobalSection(ExtensibilityGlobals) = postSolution
		SolutionGuid = {AB65CFC9-DFBD-48F7-A153-564F4CD0C3D2}
	EndGlobalSection
EndGlobal
